
Microsoft Visual Studio Solution File, Format Version 12.00
# Visual Studio Version 16
VisualStudioVersion = 16.0.31410.357
MinimumVisualStudioVersion = 10.0.40219.1
Project("{FAE04EC0-301F-11D3-BF4B-00C04F79EFBC}") = "Jacutem_AAI2", "Jacutem_AAI2\Jacutem_AAI2.csproj", "{1DEDB309-792F-4813-A0D1-7EAA6F16F722}"
EndProject
Project("{FAE04EC0-301F-11D3-BF4B-00C04F79EFBC}") = "LibDeImagensGbaDs", "LibDeImagensGbaDs\LibDeImagensGbaDs.csproj", "{48030FA5-97C3-45C9-873D-269BD0D4EA4D}"
EndProject
Global
	GlobalSection(SolutionConfigurationPlatforms) = preSolution
		Debug|Any CPU = Debug|Any CPU
		Release|Any CPU = Release|Any CPU
	EndGlobalSection
	GlobalSection(ProjectConfigurationPlatforms) = postSolution
		{1DEDB309-792F-4813-A0D1-7EAA6F16F722}.Debug|Any CPU.ActiveCfg = Debug|Any CPU
		{1DEDB309-792F-4813-A0D1-7EAA6F16F722}.Debug|Any CPU.Build.0 = Debug|Any CPU
		{1DEDB309-792F-4813-A0D1-7EAA6F16F722}.Release|Any CPU.ActiveCfg = Release|Any CPU
		{1DEDB309-792F-4813-A0D1-7EAA6F16F722}.Release|Any CPU.Build.0 = Release|Any CPU
		{48030FA5-97C3-45C9-873D-269BD0D4EA4D}.Debug|Any CPU.ActiveCfg = Debug|Any CPU
		{48030FA5-97C3-45C9-873D-269BD0D4EA4D}.Debug|Any CPU.Build.0 = Debug|Any CPU
		{48030FA5-97C3-45C9-873D-269BD0D4EA4D}.Release|Any CPU.ActiveCfg = Release|Any CPU
		{48030FA5-97C3-45C9-873D-269BD0D4EA4D}.Release|Any CPU.Build.0 = Release|Any CPU
	EndGlobalSection
	GlobalSection(SolutionProperties) = preSolution
		HideSolutionNode = FALSE
	EndGlobalSection
	GlobalSection(ExtensibilityGlobals) = postSolution
		SolutionGuid = {DAC882DC-A9AB-42A1-A1DB-E87DC9148990}
	EndGlobalSection
EndGlobal
